
Microsoft Visual Studio Solution File, Format Version 12.00
# Visual Studio Version 16
VisualStudioVersion = 16.0.31205.134
MinimumVisualStudioVersion = 10.0.40219.1
Project("{9A19103F-16F7-4668-BE54-9A1E7A4F7556}") = "MobileGrpcEndpoint", "GrpcEndpoints\MobileGrpcEndpoint\MobileGrpcEndpoint.csproj", "{1E3959A8-0317-4FDE-A3C9-94D08E5801E9}"
EndProject
Project("{9A19103F-16F7-4668-BE54-9A1E7A4F7556}") = "BusGrpcEndpoint", "GrpcEndpoints\BusGrpcEndpoint\BusGrpcEndpoint.csproj", "{42BC9C1F-7442-4056-BE0A-C776E93B1CD2}"
EndProject
Project("{9A19103F-16F7-4668-BE54-9A1E7A4F7556}") = "DatabaseGrpcService", "GrpcServices\DatabaseGrpcService\DatabaseGrpcService.csproj", "{6159F7D7-2D73-4C7D-9873-4C1AF64C9F46}"
EndProject
Project("{9A19103F-16F7-4668-BE54-9A1E7A4F7556}") = "WebsiteGrpcEndpoint", "GrpcEndpoints\WebsiteGrpcEndpoint\WebsiteGrpcEndpoint.csproj", "{97F9C841-3182-4B60-9A45-59DED21A43E4}"
EndProject
Project("{9A19103F-16F7-4668-BE54-9A1E7A4F7556}") = "BusGrpcService", "GrpcServices\BusGrpcService\BusGrpcService.csproj", "{1F3AFB92-0738-4125-BED6-F3A4A15EB23C}"
EndProject
Project("{2150E333-8FDC-42A3-9474-1A3956D46DE8}") = "GrpcEndpoints", "GrpcEndpoints", "{66D96424-52DC-4AC0-839A-27E9B8A12352}"
EndProject
Project("{2150E333-8FDC-42A3-9474-1A3956D46DE8}") = "GrpcServices", "GrpcServices", "{E909AD8E-784F-48AD-AF4B-62C766C3D774}"
EndProject
Project("{9A19103F-16F7-4668-BE54-9A1E7A4F7556}") = "TicketGrpcService", "GrpcServices\TicketGrpcService\TicketGrpcService.csproj", "{EB3FDAB4-673F-44A2-9726-4BF035C9336C}"
EndProject
Project("{9A19103F-16F7-4668-BE54-9A1E7A4F7556}") = "RouteGrpcService", "GrpcServices\RouteGrpcService\RouteGrpcService.csproj", "{EFF98ABF-51C3-4B5C-B97B-59E81086FE6A}"
EndProject
Project("{2150E333-8FDC-42A3-9474-1A3956D46DE8}") = "Protos", "Protos", "{540F6DD5-EB4F-47B1-A3EB-D03C4ECECFB4}"
	ProjectSection(SolutionItems) = preProject
		Protos\AngularGrpcService.proto = Protos\AngularGrpcService.proto
		Protos\BusGrpcService.proto = Protos\BusGrpcService.proto
		Protos\DatabaseGrpcService.proto = Protos\DatabaseGrpcService.proto
		Protos\MobilGrpcService.proto = Protos\MobilGrpcService.proto
		Protos\RouteServiceGrpc.proto = Protos\RouteServiceGrpc.proto
	EndProjectSection
EndProject
Global
	GlobalSection(SolutionConfigurationPlatforms) = preSolution
		Debug|Any CPU = Debug|Any CPU
		Release|Any CPU = Release|Any CPU
	EndGlobalSection
	GlobalSection(ProjectConfigurationPlatforms) = postSolution
		{1E3959A8-0317-4FDE-A3C9-94D08E5801E9}.Debug|Any CPU.ActiveCfg = Debug|Any CPU
		{1E3959A8-0317-4FDE-A3C9-94D08E5801E9}.Debug|Any CPU.Build.0 = Debug|Any CPU
		{1E3959A8-0317-4FDE-A3C9-94D08E5801E9}.Release|Any CPU.ActiveCfg = Release|Any CPU
		{1E3959A8-0317-4FDE-A3C9-94D08E5801E9}.Release|Any CPU.Build.0 = Release|Any CPU
		{42BC9C1F-7442-4056-BE0A-C776E93B1CD2}.Debug|Any CPU.ActiveCfg = Debug|Any CPU
		{42BC9C1F-7442-4056-BE0A-C776E93B1CD2}.Debug|Any CPU.Build.0 = Debug|Any CPU
		{42BC9C1F-7442-4056-BE0A-C776E93B1CD2}.Release|Any CPU.ActiveCfg = Release|Any CPU
		{42BC9C1F-7442-4056-BE0A-C776E93B1CD2}.Release|Any CPU.Build.0 = Release|Any CPU
		{6159F7D7-2D73-4C7D-9873-4C1AF64C9F46}.Debug|Any CPU.ActiveCfg = Debug|Any CPU
		{6159F7D7-2D73-4C7D-9873-4C1AF64C9F46}.Debug|Any CPU.Build.0 = Debug|Any CPU
		{6159F7D7-2D73-4C7D-9873-4C1AF64C9F46}.Release|Any CPU.ActiveCfg = Release|Any CPU
		{6159F7D7-2D73-4C7D-9873-4C1AF64C9F46}.Release|Any CPU.Build.0 = Release|Any CPU
		{97F9C841-3182-4B60-9A45-59DED21A43E4}.Debug|Any CPU.ActiveCfg = Debug|Any CPU
		{97F9C841-3182-4B60-9A45-59DED21A43E4}.Debug|Any CPU.Build.0 = Debug|Any CPU
		{97F9C841-3182-4B60-9A45-59DED21A43E4}.Release|Any CPU.ActiveCfg = Release|Any CPU
		{97F9C841-3182-4B60-9A45-59DED21A43E4}.Release|Any CPU.Build.0 = Release|Any CPU
		{1F3AFB92-0738-4125-BED6-F3A4A15EB23C}.Debug|Any CPU.ActiveCfg = Debug|Any CPU
		{1F3AFB92-0738-4125-BED6-F3A4A15EB23C}.Debug|Any CPU.Build.0 = Debug|Any CPU
		{1F3AFB92-0738-4125-BED6-F3A4A15EB23C}.Release|Any CPU.ActiveCfg = Release|Any CPU
		{1F3AFB92-0738-4125-BED6-F3A4A15EB23C}.Release|Any CPU.Build.0 = Release|Any CPU
		{EB3FDAB4-673F-44A2-9726-4BF035C9336C}.Debug|Any CPU.ActiveCfg = Debug|Any CPU
		{EB3FDAB4-673F-44A2-9726-4BF035C9336C}.Debug|Any CPU.Build.0 = Debug|Any CPU
		{EB3FDAB4-673F-44A2-9726-4BF035C9336C}.Release|Any CPU.ActiveCfg = Release|Any CPU
		{EB3FDAB4-673F-44A2-9726-4BF035C9336C}.Release|Any CPU.Build.0 = Release|Any CPU
		{EFF98ABF-51C3-4B5C-B97B-59E81086FE6A}.Debug|Any CPU.ActiveCfg = Debug|Any CPU
		{EFF98ABF-51C3-4B5C-B97B-59E81086FE6A}.Debug|Any CPU.Build.0 = Debug|Any CPU
		{EFF98ABF-51C3-4B5C-B97B-59E81086FE6A}.Release|Any CPU.ActiveCfg = Release|Any CPU
		{EFF98ABF-51C3-4B5C-B97B-59E81086FE6A}.Release|Any CPU.Build.0 = Release|Any CPU
	EndGlobalSection
	GlobalSection(SolutionProperties) = preSolution
		HideSolutionNode = FALSE
	EndGlobalSection
	GlobalSection(NestedProjects) = preSolution
		{1E3959A8-0317-4FDE-A3C9-94D08E5801E9} = {66D96424-52DC-4AC0-839A-27E9B8A12352}
		{42BC9C1F-7442-4056-BE0A-C776E93B1CD2} = {66D96424-52DC-4AC0-839A-27E9B8A12352}
		{6159F7D7-2D73-4C7D-9873-4C1AF64C9F46} = {E909AD8E-784F-48AD-AF4B-62C766C3D774}
		{97F9C841-3182-4B60-9A45-59DED21A43E4} = {66D96424-52DC-4AC0-839A-27E9B8A12352}
		{1F3AFB92-0738-4125-BED6-F3A4A15EB23C} = {E909AD8E-784F-48AD-AF4B-62C766C3D774}
		{EB3FDAB4-673F-44A2-9726-4BF035C9336C} = {E909AD8E-784F-48AD-AF4B-62C766C3D774}
		{EFF98ABF-51C3-4B5C-B97B-59E81086FE6A} = {E909AD8E-784F-48AD-AF4B-62C766C3D774}
	EndGlobalSection
	GlobalSection(ExtensibilityGlobals) = postSolution
		SolutionGuid = {BC1FAE54-F36C-4D13-BB39-96839518EDE9}
	EndGlobalSection
EndGlobal
